
Microsoft Visual Studio Solution File, Format Version 12.00
# Visual Studio 15
VisualStudioVersion = 15.0.28307.106
MinimumVisualStudioVersion = 10.0.40219.1
Project("{8BC9CEB8-8B4A-11D0-8D11-00A0C91BC942}") = "CPPArrays", "CPPArrays\CPPArrays.vcxproj", "{499CAC4C-A7AC-456E-AFA9-96894547C1A3}"
EndProject
Global
	GlobalSection(SolutionConfigurationPlatforms) = preSolution
		Debug|x64 = Debug|x64
		Debug|x86 = Debug|x86
		Release|x64 = Release|x64
		Release|x86 = Release|x86
	EndGlobalSection
	GlobalSection(ProjectConfigurationPlatforms) = postSolution
		{499CAC4C-A7AC-456E-AFA9-96894547C1A3}.Debug|x64.ActiveCfg = Debug|x64
		{499CAC4C-A7AC-456E-AFA9-96894547C1A3}.Debug|x64.Build.0 = Debug|x64
		{499CAC4C-A7AC-456E-AFA9-96894547C1A3}.Debug|x86.ActiveCfg = Debug|Win32
		{499CAC4C-A7AC-456E-AFA9-96894547C1A3}.Debug|x86.Build.0 = Debug|Win32
		{499CAC4C-A7AC-456E-AFA9-96894547C1A3}.Release|x64.ActiveCfg = Release|x64
		{499CAC4C-A7AC-456E-AFA9-96894547C1A3}.Release|x64.Build.0 = Release|x64
		{499CAC4C-A7AC-456E-AFA9-96894547C1A3}.Release|x86.ActiveCfg = Release|Win32
		{499CAC4C-A7AC-456E-AFA9-96894547C1A3}.Release|x86.Build.0 = Release|Win32
	EndGlobalSection
	GlobalSection(SolutionProperties) = preSolution
		HideSolutionNode = FALSE
	EndGlobalSection
	GlobalSection(ExtensibilityGlobals) = postSolution
		SolutionGuid = {6F542BC4-E016-4549-BD6E-0071F2000DC6}
	EndGlobalSection
EndGlobal
